
Microsoft Visual Studio Solution File, Format Version 12.00
# Visual Studio Version 16
VisualStudioVersion = 16.0.29102.190
MinimumVisualStudioVersion = 10.0.40219.1
Project("{FAE04EC0-301F-11D3-BF4B-00C04F79EFBC}") = "QuickMonery", "QuickMonery\QuickMonery.csproj", "{618B611E-8AFB-4818-94C3-70D17D6B8AAA}"
EndProject
Global
	GlobalSection(SolutionConfigurationPlatforms) = preSolution
		Debug|Any CPU = Debug|Any CPU
		Release|Any CPU = Release|Any CPU
	EndGlobalSection
	GlobalSection(ProjectConfigurationPlatforms) = postSolution
		{618B611E-8AFB-4818-94C3-70D17D6B8AAA}.Debug|Any CPU.ActiveCfg = Debug|Any CPU
		{618B611E-8AFB-4818-94C3-70D17D6B8AAA}.Debug|Any CPU.Build.0 = Debug|Any CPU
		{618B611E-8AFB-4818-94C3-70D17D6B8AAA}.Release|Any CPU.ActiveCfg = Release|Any CPU
		{618B611E-8AFB-4818-94C3-70D17D6B8AAA}.Release|Any CPU.Build.0 = Release|Any CPU
	EndGlobalSection
	GlobalSection(SolutionProperties) = preSolution
		HideSolutionNode = FALSE
	EndGlobalSection
	GlobalSection(ExtensibilityGlobals) = postSolution
		SolutionGuid = {8C0DAF20-690A-4FFC-84C0-009F4F43040A}
	EndGlobalSection
EndGlobal
